
Microsoft Visual Studio Solution File, Format Version 12.00
# Visual Studio Version 17
VisualStudioVersion = 17.0.31903.59
MinimumVisualStudioVersion = 10.0.40219.1
Project("{2150E333-8FDC-42A3-9474-1A3956D46DE8}") = "src", "src", "{A0B04750-7E65-48A4-8556-3378751A6C44}"
EndProject
Project("{FAE04EC0-301F-11D3-BF4B-00C04F79EFBC}") = "KawaiiIsland", "src\KawaiiIsland\KawaiiIsland.csproj", "{F1CE6E7B-51F6-4A7C-8F73-B150BB0DD67D}"
EndProject
Project("{2150E333-8FDC-42A3-9474-1A3956D46DE8}") = "tests", "tests", "{8C21E627-867B-426C-AB71-7C0FD9FAED2F}"
EndProject
Project("{FAE04EC0-301F-11D3-BF4B-00C04F79EFBC}") = "KawaiiIsland.Tests", "tests\KawaiiIsland.Tests\KawaiiIsland.Tests.csproj", "{9CD3DDB5-D48A-4546-AE4F-0342D1065324}"
EndProject
Global
	GlobalSection(SolutionConfigurationPlatforms) = preSolution
		Debug|Any CPU = Debug|Any CPU
		Release|Any CPU = Release|Any CPU
	EndGlobalSection
	GlobalSection(SolutionProperties) = preSolution
		HideSolutionNode = FALSE
	EndGlobalSection
	GlobalSection(ProjectConfigurationPlatforms) = postSolution
		{F1CE6E7B-51F6-4A7C-8F73-B150BB0DD67D}.Debug|Any CPU.ActiveCfg = Debug|Any CPU
		{F1CE6E7B-51F6-4A7C-8F73-B150BB0DD67D}.Debug|Any CPU.Build.0 = Debug|Any CPU
		{F1CE6E7B-51F6-4A7C-8F73-B150BB0DD67D}.Release|Any CPU.ActiveCfg = Release|Any CPU
		{F1CE6E7B-51F6-4A7C-8F73-B150BB0DD67D}.Release|Any CPU.Build.0 = Release|Any CPU
		{9CD3DDB5-D48A-4546-AE4F-0342D1065324}.Debug|Any CPU.ActiveCfg = Debug|Any CPU
		{9CD3DDB5-D48A-4546-AE4F-0342D1065324}.Debug|Any CPU.Build.0 = Debug|Any CPU
		{9CD3DDB5-D48A-4546-AE4F-0342D1065324}.Release|Any CPU.ActiveCfg = Release|Any CPU
		{9CD3DDB5-D48A-4546-AE4F-0342D1065324}.Release|Any CPU.Build.0 = Release|Any CPU
	EndGlobalSection
	GlobalSection(NestedProjects) = preSolution
		{F1CE6E7B-51F6-4A7C-8F73-B150BB0DD67D} = {A0B04750-7E65-48A4-8556-3378751A6C44}
		{9CD3DDB5-D48A-4546-AE4F-0342D1065324} = {8C21E627-867B-426C-AB71-7C0FD9FAED2F}
	EndGlobalSection
EndGlobal
